
Microsoft Visual Studio Solution File, Format Version 12.00
# Visual Studio 15
VisualStudioVersion = 15.0.27617.1
MinimumVisualStudioVersion = 10.0.40219.1
Project("{9A19103F-16F7-4668-BE54-9A1E7A4F7556}") = "StartyPi", "StartyPi.csproj", "{2E9922D0-B657-4163-B2C9-B32E439EA45D}"
EndProject
Global
	GlobalSection(SolutionConfigurationPlatforms) = preSolution
		Debug|Any CPU = Debug|Any CPU
		Release|Any CPU = Release|Any CPU
	EndGlobalSection
	GlobalSection(ProjectConfigurationPlatforms) = postSolution
		{2E9922D0-B657-4163-B2C9-B32E439EA45D}.Debug|Any CPU.ActiveCfg = Debug|Any CPU
		{2E9922D0-B657-4163-B2C9-B32E439EA45D}.Debug|Any CPU.Build.0 = Debug|Any CPU
		{2E9922D0-B657-4163-B2C9-B32E439EA45D}.Release|Any CPU.ActiveCfg = Release|Any CPU
		{2E9922D0-B657-4163-B2C9-B32E439EA45D}.Release|Any CPU.Build.0 = Release|Any CPU
	EndGlobalSection
	GlobalSection(SolutionProperties) = preSolution
		HideSolutionNode = FALSE
	EndGlobalSection
	GlobalSection(ExtensibilityGlobals) = postSolution
		SolutionGuid = {2478A8B3-F1F3-4C38-B97D-A0678CB4B160}
	EndGlobalSection
EndGlobal
